<?xml version="1.0" encoding="UTF-8"?>
<Scheme
   LastUpgradeVersion = "1110"
   version = "1.3">
   <BuildAction
      parallelizeBuildables = "YES"
      buildImplicitDependencies = "YES">
      <BuildActionEntries>
         <BuildActionEntry
            buildForTesting = "YES"
            buildForRunning = "YES"
            buildForProfiling = "YES"
            buildForArchiving = "YES"
            buildForAnalyzing = "YES">
            <BuildableReference
               BuildableIdentifier = "primary"
               BlueprintIdentifier = "B68E3E4323B64B0D00438B9A"
               BuildableName = "migrator"
               BlueprintName = "migrator"
               ReferencedContainer = "container:migrator.xcodeproj">
            </BuildableReference>
         </BuildActionEntry>
      </BuildActionEntries>
   </BuildAction>
   <TestAction
      buildConfiguration = "Debug"
      selectedDebuggerIdentifier = "Xcode.DebuggerFoundation.Debugger.LLDB"
      selectedLauncherIdentifier = "Xcode.DebuggerFoundation.Launcher.LLDB"
      shouldUseLaunchSchemeArgsEnv = "YES">
      <Testables>
      </Testables>
   </TestAction>
   <LaunchAction
      buildConfiguration = "Debug"
      selectedDebuggerIdentifier = "Xcode.DebuggerFoundation.Debugger.LLDB"
      selectedLauncherIdentifier = "Xcode.DebuggerFoundation.Launcher.LLDB"
      launchStyle = "0"
      useCustomWorkingDirectory = "NO"
      ignoresPersistentStateOnLaunch = "NO"
      debugDocumentVersioning = "YES"
      debugServiceExtension = "internal"
      allowLocationSimulation = "YES">
      <BuildableProductRunnable
         runnableDebuggingMode = "0">
         <BuildableReference
            BuildableIdentifier = "primary"
            BlueprintIdentifier = "B68E3E4323B64B0D00438B9A"
            BuildableName = "migrator"
            BlueprintName = "migrator"
            ReferencedContainer = "container:migrator.xcodeproj">
         </BuildableReference>
      </BuildableProductRunnable>
      <CommandLineArguments>
         <CommandLineArgument
            argument = "-?"
            isEnabled = "NO">
         </CommandLineArgument>
         <CommandLineArgument
            argument = "-C &quot;SELECT * from dbhuissier.tabvilles&quot;"
            isEnabled = "NO">
         </CommandLineArgument>
         <CommandLineArgument
            argument = "-I 54.37.153.32"
            isEnabled = "NO">
         </CommandLineArgument>
         <CommandLineArgument
            argument = "-n"
            isEnabled = "NO">
         </CommandLineArgument>
         <CommandLineArgument
            argument = "-t mysql"
            isEnabled = "NO">
         </CommandLineArgument>
         <CommandLineArgument
            argument = "-p 3306"
            isEnabled = "NO">
         </CommandLineArgument>
         <CommandLineArgument
            argument = "-n db"
            isEnabled = "NO">
         </CommandLineArgument>
         <CommandLineArgument
            argument = "-b none"
            isEnabled = "NO">
         </CommandLineArgument>
         <CommandLineArgument
            argument = "-U root"
            isEnabled = "NO">
         </CommandLineArgument>
         <CommandLineArgument
            argument = "-P Wratsn01"
            isEnabled = "NO">
         </CommandLineArgument>
         <CommandLineArgument
            argument = "-c"
            isEnabled = "NO">
         </CommandLineArgument>
         <CommandLineArgument
            argument = "-f f021dae2-6f07-4215-8bd4-b8c0e09aff35.json"
            isEnabled = "YES">
         </CommandLineArgument>
         <CommandLineArgument
            argument = "-d"
            isEnabled = "NO">
         </CommandLineArgument>
      </CommandLineArguments>
      <EnvironmentVariables>
         <EnvironmentVariable
            key = "REPLICATOR_HOME"
            value = "/Users/fred/OneDrive/ESGI/Annee2/ProjetC/back/migrator"
            isEnabled = "YES">
         </EnvironmentVariable>
      </EnvironmentVariables>
   </LaunchAction>
   <ProfileAction
      buildConfiguration = "Release"
      shouldUseLaunchSchemeArgsEnv = "YES"
      savedToolIdentifier = ""
      useCustomWorkingDirectory = "NO"
      debugDocumentVersioning = "YES">
      <BuildableProductRunnable
         runnableDebuggingMode = "0">
         <BuildableReference
            BuildableIdentifier = "primary"
            BlueprintIdentifier = "B68E3E4323B64B0D00438B9A"
            BuildableName = "migrator"
            BlueprintName = "migrator"
            ReferencedContainer = "container:migrator.xcodeproj">
         </BuildableReference>
      </BuildableProductRunnable>
   </ProfileAction>
   <AnalyzeAction
      buildConfiguration = "Debug">
   </AnalyzeAction>
   <ArchiveAction
      buildConfiguration = "Release"
      revealArchiveInOrganizer = "YES">
   </ArchiveAction>
</Scheme>
